# THIS IS AN AUTOGENERATED FILE. DO NOT EDIT THIS FILE DIRECTLY.
# yarn lockfile v1


"@rollup/pluginutils@5":
  version "5.0.5"
  resolved "https://registry.npmjs.org/@rollup/pluginutils/-/pluginutils-5.0.5.tgz"
  integrity sha512-6aEYR910NyP73oHiJglti74iRyOwgFU4x3meH/H8OJx6Ry0j6cOVZ5X/wTvub7G7Ao6qaHBEaNsV3GLJkSsF+Q==
  dependencies:
    "@types/estree" "^1.0.0"
    estree-walker "^2.0.2"
    picomatch "^2.3.1"

"@rollup/rollup-android-arm-eabi@4.0.0":
  version "4.0.0"
  resolved "https://registry.yarnpkg.com/@rollup/rollup-android-arm-eabi/-/rollup-android-arm-eabi-4.0.0.tgz#3a0258d22b5ee30235d04b4b4cd49c28b590ad8e"
  integrity sha512-rN3qt1JzOx0v7JWyK68zkb3yf1k1f1OhhHR0i7vLlGlediTtM3FKsOkestQN6HwJ9nEaP3KxPHxH5Xv7yr6f4w==

"@rollup/rollup-android-arm64@4.0.0":
  version "4.0.0"
  resolved "https://registry.yarnpkg.com/@rollup/rollup-android-arm64/-/rollup-android-arm64-4.0.0.tgz#e4fc4213a7d600f7a32ccfe0affcc2c7a799e52e"
  integrity sha512-dcdg6Zp2bqIS/+2FHhdSS+lbcySufP2fYYoXkDa4W6uHE22L15psftdQZtFhxvvqRWPD1HsK0xIj5f07zuujkg==

"@rollup/rollup-darwin-arm64@4.0.0":
  version "4.0.0"
  resolved "https://registry.yarnpkg.com/@rollup/rollup-darwin-arm64/-/rollup-darwin-arm64-4.0.0.tgz#24a63082a59a5e482ef240441257c2a75d6e2d04"
  integrity sha512-mOz75DpOOHGk4+xYbh1E23vmSOrOqskTwq9s/e2Z46eYbTZ0+s/UVoS42cLG8dUe6enF2Xh3hTtiIEzLhO9kmA==

"@rollup/rollup-darwin-x64@4.0.0":
  version "4.0.0"
  resolved "https://registry.yarnpkg.com/@rollup/rollup-darwin-x64/-/rollup-darwin-x64-4.0.0.tgz#262abe210e6c23238a8a7bd70745ff2281eef694"
  integrity sha512-rEBuHQ2ejl9gb0//19F88gR7Z9HY2kcCX8jT5LhCHqGqAvlloETXO1FD7DKEdqGz98UtJy6pVAxxeVBN4tlWag==

"@rollup/rollup-linux-arm-gnueabihf@4.0.0":
  version "4.0.0"
  resolved "https://registry.yarnpkg.com/@rollup/rollup-linux-arm-gnueabihf/-/rollup-linux-arm-gnueabihf-4.0.0.tgz#fb6d797c78701f9e95361587ac22d58a5a896faf"
  integrity sha512-W4Elp0SGWqWOkdgoYniOp6ERrhHYRfMPikUZmnU/kAdLXQ9p0M0meF648Z6Y7ClHJr8pIQpcCdmr7E2h8Kn7Fw==

"@rollup/rollup-linux-arm64-gnu@4.0.0":
  version "4.0.0"
  resolved "https://registry.yarnpkg.com/@rollup/rollup-linux-arm64-gnu/-/rollup-linux-arm64-gnu-4.0.0.tgz#f7d56849e33d749751a5a6608dcc72d12654c2be"
  integrity sha512-/BTevM/UKprMJgFse0nm+YXQ83iDqArru+k3kZtQlvaNMWdkLcyscOP8SwWPpR0CJuLlXr8Gtpps+EgH3TUqLA==

"@rollup/rollup-linux-x64-gnu@4.0.0":
  version "4.0.0"
  resolved "https://registry.npmjs.org/@rollup/rollup-linux-x64-gnu/-/rollup-linux-x64-gnu-4.0.0.tgz"
  integrity sha512-Pz2FD/4FUZM98+rcpuGAJgatW5/dW/pXXrbanjtir38EYqqmdVc0odHwqlQ+KFY2C5P+B6PJO5vom8PmJQLdug==

"@rollup/rollup-linux-x64-musl@4.0.0":
  version "4.0.0"
  resolved "https://registry.npmjs.org/@rollup/rollup-linux-x64-musl/-/rollup-linux-x64-musl-4.0.0.tgz"
  integrity sha512-Xs2tOshU5MD7nK5WnaSBUwiFdBlMtyKdXOOnBno4IRbDIyrjLtx9lnSIO47FNP0LtpGfyOcsK/lE/ZsLlnXyIg==

"@rollup/rollup-win32-arm64-msvc@4.0.0":
  version "4.0.0"
  resolved "https://registry.yarnpkg.com/@rollup/rollup-win32-arm64-msvc/-/rollup-win32-arm64-msvc-4.0.0.tgz#98cab6ea9398adbe07573acc22a69661f1b22a67"
  integrity sha512-h2r04SsqVMbmaIRSMN3HKQLYpKewJ7rWQx1SwEZQMeXRkecWFBBNOfoB3iMlvvUfc3VUOonR/3Dm/Op6yOD2Lg==

"@rollup/rollup-win32-ia32-msvc@4.0.0":
  version "4.0.0"
  resolved "https://registry.yarnpkg.com/@rollup/rollup-win32-ia32-msvc/-/rollup-win32-ia32-msvc-4.0.0.tgz#93f72239a043589fba7d06522180bc15835854e7"
  integrity sha512-1pl05L51RbVLnqZTEpbgG2RxeS7VLysF7vhU8v1EOAMqbLzko64r8+S2SxsNDKODsgusFqHO8rc3w+G9VUjodw==

"@rollup/rollup-win32-x64-msvc@4.0.0":
  version "4.0.0"
  resolved "https://registry.npmjs.org/@rollup/rollup-win32-x64-msvc/-/rollup-win32-x64-msvc-4.0.0.tgz"
  integrity sha512-GDi4TkL95/J0ven1wt+q2cfdg1k9UEIQiF58lSC36KUdA0xtlqgLPEDlNAhu6NTXJ491eiZ71lQbLu1D7hlz9w==

"@types/estree@^1.0.0":
  version "1.0.2"
  resolved "https://registry.npmjs.org/@types/estree/-/estree-1.0.2.tgz"
  integrity sha512-VeiPZ9MMwXjO32/Xu7+OwflfmeoRwkE/qzndw42gGtgJwZopBnzy2gD//NN1+go1mADzkDcqf/KnFRSjTJ8xJA==

estree-walker@^2.0.2:
  version "2.0.2"
  resolved "https://registry.npmjs.org/estree-walker/-/estree-walker-2.0.2.tgz"
  integrity sha512-Rfkk/Mp/DL7JVje3u18FxFujQlTNR2q6QfMSMB7AvCBx91NGj/ba3kCfza0f6dVDbw7YlRf/nDrn7pQrCCyQ/w==

fsevents@~2.3.2:
  version "2.3.3"
  resolved "https://registry.yarnpkg.com/fsevents/-/fsevents-2.3.3.tgz#cac6407785d03675a2a5e1a5305c697b347d90d6"
  integrity sha512-5xoDfX+fL7faATnagmWPpbFtwh/R77WmMMqqHGS65C3vvB0YHrgF+B1YmZ3441tMj5n63k0212XNoJwzlhffQw==

picomatch@^2.3.1:
  version "2.3.1"
  resolved "https://registry.npmjs.org/picomatch/-/picomatch-2.3.1.tgz"
  integrity sha512-JU3teHTNjmE2VCGFzuY8EXzCDVwEqB2a8fsIvwaStHhAWJEeVd1o1QD80CU6+ZdEXXSLbSsuLwJjkCBWqRQUVA==

rollup@<5:
  version "4.0.0"
  resolved "https://registry.npmjs.org/rollup/-/rollup-4.0.0.tgz"
  integrity sha512-dtlkoIdp/g2glVlQb6FzhMAMzhMYVIJ3KLGjhWKkwz/ambEuHeVZ7Eg6GALhHZOsDRD+ZWSjnUikZXPyb22puQ==
  optionalDependencies:
    "@rollup/rollup-android-arm-eabi" "4.0.0"
    "@rollup/rollup-android-arm64" "4.0.0"
    "@rollup/rollup-darwin-arm64" "4.0.0"
    "@rollup/rollup-darwin-x64" "4.0.0"
    "@rollup/rollup-linux-arm-gnueabihf" "4.0.0"
    "@rollup/rollup-linux-arm64-gnu" "4.0.0"
    "@rollup/rollup-linux-x64-gnu" "4.0.0"
    "@rollup/rollup-linux-x64-musl" "4.0.0"
    "@rollup/rollup-win32-arm64-msvc" "4.0.0"
    "@rollup/rollup-win32-ia32-msvc" "4.0.0"
    "@rollup/rollup-win32-x64-msvc" "4.0.0"
    fsevents "~2.3.2"
