# THIS IS AN AUTOGENERATED FILE. DO NOT EDIT THIS FILE DIRECTLY.
# yarn lockfile v1


"@rollup/plugin-buble@^1.0.0":
  "integrity" "sha512-VDbhsNtC4cXZ20+hhilL0hzUskrTZWhF9PTabCOuye1NK5Ht8LZzpM1Q0S/yo0kMArjrFnIb2P4N8d3uEKuxnA=="
  "resolved" "https://registry.npmjs.org/@rollup/plugin-buble/-/plugin-buble-1.0.0.tgz"
  "version" "1.0.0"
  dependencies:
    "@rollup/pluginutils" "^4.2.1"
    "@types/buble" "^0.19.2"
    "buble" "^0.20.0"

"@rollup/pluginutils@^4.2.1":
  "integrity" "sha512-iKnFXr7NkdZAIHiIWE+BX5ULi/ucVFYWD6TbAV+rZctiRTY2PL6tsIKhoIOaoskiWAkgu+VsbXgUVDNLHf+InQ=="
  "resolved" "https://registry.npmjs.org/@rollup/pluginutils/-/pluginutils-4.2.1.tgz"
  "version" "4.2.1"
  dependencies:
    "estree-walker" "^2.0.1"
    "picomatch" "^2.2.2"

"@rollup/pluginutils@5":
  "integrity" "sha512-LJAlpJhSH4cAoNrh5G4mQ7VJJgmGVN1A91Skwpd6uMT4CGmDbrZ59RQWwNB08WkLtKOzTHFj6pKgVn18zlDFrQ=="
  "resolved" "https://registry.npmjs.org/@rollup/pluginutils/-/pluginutils-5.0.0.tgz"
  "version" "5.0.0"
  dependencies:
    "estree-walker" "^2.0.2"
    "picomatch" "^2.3.1"

"@types/buble@^0.19.2":
  "integrity" "sha512-uUD8zIfXMKThmFkahTXDGI3CthFH1kMg2dOm3KLi4GlC5cbARA64bEcUMbbWdWdE73eoc/iBB9PiTMqH0dNS2Q=="
  "resolved" "https://registry.npmjs.org/@types/buble/-/buble-0.19.2.tgz"
  "version" "0.19.2"
  dependencies:
    "magic-string" "^0.25.0"

"acorn-dynamic-import@^4.0.0":
  "integrity" "sha512-d3OEjQV4ROpoflsnUA8HozoIR504TFxNivYEUi6uwz0IYhBkTDXGuWlNdMtybRt3nqVx/L6XqMt0FxkXuWKZhw=="
  "resolved" "https://registry.npmjs.org/acorn-dynamic-import/-/acorn-dynamic-import-4.0.0.tgz"
  "version" "4.0.0"

"acorn-jsx@^5.2.0":
  "integrity" "sha512-K0Ptm/47OKfQRpNQ2J/oIN/3QYiK6FwW+eJbILhsdxh2WTLdl+30o8aGdTbm5JbffpFFAg/g+zi1E+jvJha5ng=="
  "resolved" "https://registry.npmjs.org/acorn-jsx/-/acorn-jsx-5.3.1.tgz"
  "version" "5.3.1"

"acorn@^6.0.0", "acorn@^6.0.0 || ^7.0.0 || ^8.0.0", "acorn@^6.4.1":
  "integrity" "sha512-XtGIhXwF8YM8bJhGxG5kXgjkEuNGLTkoYqVE+KMR+aspr4KGYmKYg7yUe3KghyQ9yheNwLnjmzh/7+gfDBmHCQ=="
  "resolved" "https://registry.npmjs.org/acorn/-/acorn-6.4.2.tgz"
  "version" "6.4.2"

"ansi-styles@^3.2.1":
  "integrity" "sha512-VT0ZI6kZRdTh8YyJw3SMbYm/u+NqfsAxEpWO0Pf9sq8/e94WxxOpPKx9FR1FlyCtOVDNOQ+8ntlqFxiRc+r5qA=="
  "resolved" "https://registry.npmjs.org/ansi-styles/-/ansi-styles-3.2.1.tgz"
  "version" "3.2.1"
  dependencies:
    "color-convert" "^1.9.0"

"buble@^0.20.0":
  "integrity" "sha512-/1gnaMQE8xvd5qsNBl+iTuyjJ9XxeaVxAMF86dQ4EyxFJOZtsgOS8Ra+7WHgZTam5IFDtt4BguN0sH0tVTKrOw=="
  "resolved" "https://registry.npmjs.org/buble/-/buble-0.20.0.tgz"
  "version" "0.20.0"
  dependencies:
    "acorn" "^6.4.1"
    "acorn-dynamic-import" "^4.0.0"
    "acorn-jsx" "^5.2.0"
    "chalk" "^2.4.2"
    "magic-string" "^0.25.7"
    "minimist" "^1.2.5"
    "regexpu-core" "4.5.4"

"chalk@^2.4.2":
  "integrity" "sha512-Mti+f9lpJNcwF4tWV8/OrTTtF1gZi+f8FqlyAdouralcFWFQWF2+NgCHShjkCb+IFBLq9buZwE1xckQU4peSuQ=="
  "resolved" "https://registry.npmjs.org/chalk/-/chalk-2.4.2.tgz"
  "version" "2.4.2"
  dependencies:
    "ansi-styles" "^3.2.1"
    "escape-string-regexp" "^1.0.5"
    "supports-color" "^5.3.0"

"color-convert@^1.9.0":
  "integrity" "sha512-QfAUtd+vFdAtFQcC8CCyYt1fYWxSqAiK2cSD6zDB8N3cpsEBAvRxp9zOGg6G/SHHJYAT88/az/IuDGALsNVbGg=="
  "resolved" "https://registry.npmjs.org/color-convert/-/color-convert-1.9.3.tgz"
  "version" "1.9.3"
  dependencies:
    "color-name" "1.1.3"

"color-name@1.1.3":
  "integrity" "sha1-p9BVi9icQveV3UIyj3QIMcpTvCU= sha512-72fSenhMw2HZMTVHeCA9KCmpEIbzWiQsjN+BHcBbS9vr1mtt+vJjPdksIBNUmKAW8TFUDPJK5SUU3QhE9NEXDw=="
  "resolved" "https://registry.npmjs.org/color-name/-/color-name-1.1.3.tgz"
  "version" "1.1.3"

"escape-string-regexp@^1.0.5":
  "integrity" "sha1-G2HAViGQqN/2rjuyzwIAyhMLhtQ= sha512-vbRorB5FUQWvla16U8R/qgaFIya2qGzwDrNmCZuYKrbdSUMG6I1ZCGQRefkRVhuOkIGVne7BQ35DSfo1qvJqFg=="
  "resolved" "https://registry.npmjs.org/escape-string-regexp/-/escape-string-regexp-1.0.5.tgz"
  "version" "1.0.5"

"estree-walker@^2.0.1", "estree-walker@^2.0.2":
  "integrity" "sha512-Rfkk/Mp/DL7JVje3u18FxFujQlTNR2q6QfMSMB7AvCBx91NGj/ba3kCfza0f6dVDbw7YlRf/nDrn7pQrCCyQ/w=="
  "resolved" "https://registry.npmjs.org/estree-walker/-/estree-walker-2.0.2.tgz"
  "version" "2.0.2"

"has-flag@^3.0.0":
  "integrity" "sha1-tdRU3CGZriJWmfNGfloH87lVuv0= sha512-sKJf1+ceQBr4SMkvQnBDNDtf4TXpVhVGateu0t918bl30FnbE2m4vNLX+VWe/dpjlb+HugGYzW7uQXH98HPEYw=="
  "resolved" "https://registry.npmjs.org/has-flag/-/has-flag-3.0.0.tgz"
  "version" "3.0.0"

"jsesc@~0.5.0":
  "integrity" "sha1-597mbjXW/Bb3EP6R1c9p9w8IkR0= sha512-uZz5UnB7u4T9LvwmFqXii7pZSouaRPorGs5who1Ip7VO0wxanFvBL7GkM6dTHlgX+jhBApRetaWpnDabOeTcnA=="
  "resolved" "https://registry.npmjs.org/jsesc/-/jsesc-0.5.0.tgz"
  "version" "0.5.0"

"magic-string@^0.25.0", "magic-string@^0.25.7":
  "integrity" "sha512-4CrMT5DOHTDk4HYDlzmwu4FVCcIYI8gauveasrdCu2IKIFOJ3f0v/8MDGJCDL9oD2ppz/Av1b0Nj345H9M+XIA=="
  "resolved" "https://registry.npmjs.org/magic-string/-/magic-string-0.25.7.tgz"
  "version" "0.25.7"
  dependencies:
    "sourcemap-codec" "^1.4.4"

"minimist@^1.2.5":
  "integrity" "sha512-bzfL1YUZsP41gmu/qjrEk0Q6i2ix/cVeAhbCbqH9u3zYutS1cLg00qhrD0M2MVdCcx4Sc0UpP2eBWo9rotpq6g=="
  "resolved" "https://registry.npmjs.org/minimist/-/minimist-1.2.7.tgz"
  "version" "1.2.7"

"picomatch@^2.2.2", "picomatch@^2.3.1":
  "integrity" "sha512-JU3teHTNjmE2VCGFzuY8EXzCDVwEqB2a8fsIvwaStHhAWJEeVd1o1QD80CU6+ZdEXXSLbSsuLwJjkCBWqRQUVA=="
  "resolved" "https://registry.npmjs.org/picomatch/-/picomatch-2.3.1.tgz"
  "version" "2.3.1"

"regenerate-unicode-properties@^8.0.2":
  "integrity" "sha512-F9DjY1vKLo/tPePDycuH3dn9H1OTPIkVD9Kz4LODu+F2C75mgjAJ7x/gwy6ZcSNRAAkhNlJSOHRe8k3p+K9WhA=="
  "resolved" "https://registry.npmjs.org/regenerate-unicode-properties/-/regenerate-unicode-properties-8.2.0.tgz"
  "version" "8.2.0"
  dependencies:
    "regenerate" "^1.4.0"

"regenerate@^1.4.0":
  "integrity" "sha512-zrceR/XhGYU/d/opr2EKO7aRHUeiBI8qjtfHqADTwZd6Szfy16la6kqD0MIUs5z5hx6AaKa+PixpPrR289+I0A=="
  "resolved" "https://registry.npmjs.org/regenerate/-/regenerate-1.4.2.tgz"
  "version" "1.4.2"

"regexpu-core@4.5.4":
  "integrity" "sha512-BtizvGtFQKGPUcTy56o3nk1bGRp4SZOTYrDtGNlqCQufptV5IkkLN6Emw+yunAJjzf+C9FQFtvq7IoA3+oMYHQ=="
  "resolved" "https://registry.npmjs.org/regexpu-core/-/regexpu-core-4.5.4.tgz"
  "version" "4.5.4"
  dependencies:
    "regenerate" "^1.4.0"
    "regenerate-unicode-properties" "^8.0.2"
    "regjsgen" "^0.5.0"
    "regjsparser" "^0.6.0"
    "unicode-match-property-ecmascript" "^1.0.4"
    "unicode-match-property-value-ecmascript" "^1.1.0"

"regjsgen@^0.5.0":
  "integrity" "sha512-OFFT3MfrH90xIW8OOSyUrk6QHD5E9JOTeGodiJeBS3J6IwlgzJMNE/1bZklWz5oTg+9dCMyEetclvCVXOPoN3A=="
  "resolved" "https://registry.npmjs.org/regjsgen/-/regjsgen-0.5.2.tgz"
  "version" "0.5.2"

"regjsparser@^0.6.0":
  "integrity" "sha512-64O87/dPDgfk8/RQqC4gkZoGyyWFIEUTTh80CU6CWuK5vkCGyekIx+oKcEIYtP/RAxSQltCZHCNu/mdd7fqlJw=="
  "resolved" "https://registry.npmjs.org/regjsparser/-/regjsparser-0.6.4.tgz"
  "version" "0.6.4"
  dependencies:
    "jsesc" "~0.5.0"

"rollup@^1.20.0||^2.0.0||^3.0.0", "rollup@^3":
  "integrity" "sha512-GEvr+COcXicr4nuih6mpt2Eydq5lZ72z0RrKx1H4/Q2ouT34OHrIIJ9OUj2sZqUhq7QL8Hp8Q8BoWbjL/6ccRQ=="
  "resolved" "https://registry.npmjs.org/rollup/-/rollup-3.1.0.tgz"
  "version" "3.1.0"
  optionalDependencies:
    "fsevents" "~2.3.2"

"sourcemap-codec@^1.4.4":
  "integrity" "sha512-9NykojV5Uih4lgo5So5dtw+f0JgJX30KCNI8gwhz2J9A15wD0Ml6tjHKwf6fTSa6fAdVBdZeNOs9eJ71qCk8vA=="
  "resolved" "https://registry.npmjs.org/sourcemap-codec/-/sourcemap-codec-1.4.8.tgz"
  "version" "1.4.8"

"supports-color@^5.3.0":
  "integrity" "sha512-QjVjwdXIt408MIiAqCX4oUKsgU2EqAGzs2Ppkm4aQYbjm+ZEWEcW4SfFNTr4uMNZma0ey4f5lgLrkB0aX0QMow=="
  "resolved" "https://registry.npmjs.org/supports-color/-/supports-color-5.5.0.tgz"
  "version" "5.5.0"
  dependencies:
    "has-flag" "^3.0.0"

"unicode-canonical-property-names-ecmascript@^1.0.4":
  "integrity" "sha512-jDrNnXWHd4oHiTZnx/ZG7gtUTVp+gCcTTKr8L0HjlwphROEW3+Him+IpvC+xcJEFegapiMZyZe02CyuOnRmbnQ=="
  "resolved" "https://registry.npmjs.org/unicode-canonical-property-names-ecmascript/-/unicode-canonical-property-names-ecmascript-1.0.4.tgz"
  "version" "1.0.4"

"unicode-match-property-ecmascript@^1.0.4":
  "integrity" "sha512-L4Qoh15vTfntsn4P1zqnHulG0LdXgjSO035fEpdtp6YxXhMT51Q6vgM5lYdG/5X3MjS+k/Y9Xw4SFCY9IkR0rg=="
  "resolved" "https://registry.npmjs.org/unicode-match-property-ecmascript/-/unicode-match-property-ecmascript-1.0.4.tgz"
  "version" "1.0.4"
  dependencies:
    "unicode-canonical-property-names-ecmascript" "^1.0.4"
    "unicode-property-aliases-ecmascript" "^1.0.4"

"unicode-match-property-value-ecmascript@^1.1.0":
  "integrity" "sha512-wjuQHGQVofmSJv1uVISKLE5zO2rNGzM/KCYZch/QQvez7C1hUhBIuZ701fYXExuufJFMPhv2SyL8CyoIfMLbIQ=="
  "resolved" "https://registry.npmjs.org/unicode-match-property-value-ecmascript/-/unicode-match-property-value-ecmascript-1.2.0.tgz"
  "version" "1.2.0"

"unicode-property-aliases-ecmascript@^1.0.4":
  "integrity" "sha512-PqSoPh/pWetQ2phoj5RLiaqIk4kCNwoV3CI+LfGmWLKI3rE3kl1h59XpX2BjgDrmbxD9ARtQobPGU1SguCYuQg=="
  "resolved" "https://registry.npmjs.org/unicode-property-aliases-ecmascript/-/unicode-property-aliases-ecmascript-1.1.0.tgz"
  "version" "1.1.0"
